
Microsoft Visual Studio Solution File, Format Version 12.00
# Visual Studio Version 16
VisualStudioVersion = 16.0.30114.105
MinimumVisualStudioVersion = 10.0.40219.1
Project("{FAE04EC0-301F-11D3-BF4B-00C04F79EFBC}") = "Api", "Api\Api.csproj", "{45922B57-02EA-4073-8A3E-CF19403099CE}"
EndProject
Project("{FAE04EC0-301F-11D3-BF4B-00C04F79EFBC}") = "Domain", "Domain\Domain.csproj", "{ABF200CC-AD38-4481-A6C8-45CAAB6A9203}"
EndProject
Project("{FAE04EC0-301F-11D3-BF4B-00C04F79EFBC}") = "Infrastructure", "Infrastructure\Infrastructure.csproj", "{D2060882-0737-46C4-9DDB-A131CA1A9A5D}"
EndProject
Project("{FAE04EC0-301F-11D3-BF4B-00C04F79EFBC}") = "Tests", "Tests\Tests.csproj", "{78270F84-A4F8-46B1-A01A-8E930939C17B}"
EndProject
Project("{FAE04EC0-301F-11D3-BF4B-00C04F79EFBC}") = "Security.Api", "Security.Api\Security.Api.csproj", "{266B1964-8A40-4887-B4B2-9D7E25A4230F}"
EndProject
Project("{FAE04EC0-301F-11D3-BF4B-00C04F79EFBC}") = "Application", "Application\Application.csproj", "{44AEAA6E-3EB9-453C-8AE0-1F9B7480E718}"
EndProject
Project("{FAE04EC0-301F-11D3-BF4B-00C04F79EFBC}") = "Security.Application", "Security.Application\Security.Application.csproj", "{BB997A27-7B60-406B-95D1-C08FF2E35B8D}"
EndProject
Project("{FAE04EC0-301F-11D3-BF4B-00C04F79EFBC}") = "Security.Domain", "Security.Domain\Security.Domain.csproj", "{57CBC584-8DF8-42D1-BEDF-A755698DBC79}"
EndProject
Project("{FAE04EC0-301F-11D3-BF4B-00C04F79EFBC}") = "Security.Infrastructure", "Security.Infrastructure\Security.Infrastructure.csproj", "{2553EA85-93AC-4D66-B40E-51ECB6CC9BBD}"
EndProject
Project("{FAE04EC0-301F-11D3-BF4B-00C04F79EFBC}") = "Security.Test", "Security.Test\Security.Test.csproj", "{2C810991-659C-46BD-9A57-D6AD3645C3B1}"
EndProject
Project("{2150E333-8FDC-42A3-9474-1A3956D46DE8}") = "AirportGateway", "AirportGateway", "{7E6668D3-7385-470C-BF4E-A2D17FDEF651}"
EndProject
Project("{2150E333-8FDC-42A3-9474-1A3956D46DE8}") = "AirportManagement", "AirportManagement", "{531C08A8-0FF0-47AE-9FF1-98DBF26E6265}"
EndProject
Project("{2150E333-8FDC-42A3-9474-1A3956D46DE8}") = "Security", "Security", "{9368A7FB-2445-4DAB-96EE-48F1ED1A1AEC}"
EndProject
Project("{FAE04EC0-301F-11D3-BF4B-00C04F79EFBC}") = "AirportGateway.App", "AirportGateway\AirportGateway.App\AirportGateway.App.csproj", "{8BFB96C5-E023-45C4-928D-A4D0D03646E4}"
EndProject
Project("{FAE04EC0-301F-11D3-BF4B-00C04F79EFBC}") = "AirportGateway.Api", "AirportGateway\AirportGateway.Api\AirportGateway.Api.csproj", "{255F44FD-5519-434F-B5AC-447CA8A8CD07}"
EndProject
Global
	GlobalSection(SolutionConfigurationPlatforms) = preSolution
		Debug|Any CPU = Debug|Any CPU
		Release|Any CPU = Release|Any CPU
	EndGlobalSection
	GlobalSection(SolutionProperties) = preSolution
		HideSolutionNode = FALSE
	EndGlobalSection
	GlobalSection(ProjectConfigurationPlatforms) = postSolution
		{45922B57-02EA-4073-8A3E-CF19403099CE}.Debug|Any CPU.ActiveCfg = Debug|Any CPU
		{45922B57-02EA-4073-8A3E-CF19403099CE}.Debug|Any CPU.Build.0 = Debug|Any CPU
		{45922B57-02EA-4073-8A3E-CF19403099CE}.Release|Any CPU.ActiveCfg = Release|Any CPU
		{45922B57-02EA-4073-8A3E-CF19403099CE}.Release|Any CPU.Build.0 = Release|Any CPU
		{ABF200CC-AD38-4481-A6C8-45CAAB6A9203}.Debug|Any CPU.ActiveCfg = Debug|Any CPU
		{ABF200CC-AD38-4481-A6C8-45CAAB6A9203}.Debug|Any CPU.Build.0 = Debug|Any CPU
		{ABF200CC-AD38-4481-A6C8-45CAAB6A9203}.Release|Any CPU.ActiveCfg = Release|Any CPU
		{ABF200CC-AD38-4481-A6C8-45CAAB6A9203}.Release|Any CPU.Build.0 = Release|Any CPU
		{D2060882-0737-46C4-9DDB-A131CA1A9A5D}.Debug|Any CPU.ActiveCfg = Debug|Any CPU
		{D2060882-0737-46C4-9DDB-A131CA1A9A5D}.Debug|Any CPU.Build.0 = Debug|Any CPU
		{D2060882-0737-46C4-9DDB-A131CA1A9A5D}.Release|Any CPU.ActiveCfg = Release|Any CPU
		{D2060882-0737-46C4-9DDB-A131CA1A9A5D}.Release|Any CPU.Build.0 = Release|Any CPU
		{78270F84-A4F8-46B1-A01A-8E930939C17B}.Debug|Any CPU.ActiveCfg = Debug|Any CPU
		{78270F84-A4F8-46B1-A01A-8E930939C17B}.Debug|Any CPU.Build.0 = Debug|Any CPU
		{78270F84-A4F8-46B1-A01A-8E930939C17B}.Release|Any CPU.ActiveCfg = Release|Any CPU
		{78270F84-A4F8-46B1-A01A-8E930939C17B}.Release|Any CPU.Build.0 = Release|Any CPU
		{266B1964-8A40-4887-B4B2-9D7E25A4230F}.Debug|Any CPU.ActiveCfg = Debug|Any CPU
		{266B1964-8A40-4887-B4B2-9D7E25A4230F}.Debug|Any CPU.Build.0 = Debug|Any CPU
		{266B1964-8A40-4887-B4B2-9D7E25A4230F}.Release|Any CPU.ActiveCfg = Release|Any CPU
		{266B1964-8A40-4887-B4B2-9D7E25A4230F}.Release|Any CPU.Build.0 = Release|Any CPU
		{44AEAA6E-3EB9-453C-8AE0-1F9B7480E718}.Debug|Any CPU.ActiveCfg = Debug|Any CPU
		{44AEAA6E-3EB9-453C-8AE0-1F9B7480E718}.Debug|Any CPU.Build.0 = Debug|Any CPU
		{44AEAA6E-3EB9-453C-8AE0-1F9B7480E718}.Release|Any CPU.ActiveCfg = Release|Any CPU
		{44AEAA6E-3EB9-453C-8AE0-1F9B7480E718}.Release|Any CPU.Build.0 = Release|Any CPU
		{BB997A27-7B60-406B-95D1-C08FF2E35B8D}.Debug|Any CPU.ActiveCfg = Debug|Any CPU
		{BB997A27-7B60-406B-95D1-C08FF2E35B8D}.Debug|Any CPU.Build.0 = Debug|Any CPU
		{BB997A27-7B60-406B-95D1-C08FF2E35B8D}.Release|Any CPU.ActiveCfg = Release|Any CPU
		{BB997A27-7B60-406B-95D1-C08FF2E35B8D}.Release|Any CPU.Build.0 = Release|Any CPU
		{57CBC584-8DF8-42D1-BEDF-A755698DBC79}.Debug|Any CPU.ActiveCfg = Debug|Any CPU
		{57CBC584-8DF8-42D1-BEDF-A755698DBC79}.Debug|Any CPU.Build.0 = Debug|Any CPU
		{57CBC584-8DF8-42D1-BEDF-A755698DBC79}.Release|Any CPU.ActiveCfg = Release|Any CPU
		{57CBC584-8DF8-42D1-BEDF-A755698DBC79}.Release|Any CPU.Build.0 = Release|Any CPU
		{2553EA85-93AC-4D66-B40E-51ECB6CC9BBD}.Debug|Any CPU.ActiveCfg = Debug|Any CPU
		{2553EA85-93AC-4D66-B40E-51ECB6CC9BBD}.Debug|Any CPU.Build.0 = Debug|Any CPU
		{2553EA85-93AC-4D66-B40E-51ECB6CC9BBD}.Release|Any CPU.ActiveCfg = Release|Any CPU
		{2553EA85-93AC-4D66-B40E-51ECB6CC9BBD}.Release|Any CPU.Build.0 = Release|Any CPU
		{2C810991-659C-46BD-9A57-D6AD3645C3B1}.Debug|Any CPU.ActiveCfg = Debug|Any CPU
		{2C810991-659C-46BD-9A57-D6AD3645C3B1}.Debug|Any CPU.Build.0 = Debug|Any CPU
		{2C810991-659C-46BD-9A57-D6AD3645C3B1}.Release|Any CPU.ActiveCfg = Release|Any CPU
		{2C810991-659C-46BD-9A57-D6AD3645C3B1}.Release|Any CPU.Build.0 = Release|Any CPU
		{8BFB96C5-E023-45C4-928D-A4D0D03646E4}.Debug|Any CPU.ActiveCfg = Debug|Any CPU
		{8BFB96C5-E023-45C4-928D-A4D0D03646E4}.Debug|Any CPU.Build.0 = Debug|Any CPU
		{8BFB96C5-E023-45C4-928D-A4D0D03646E4}.Release|Any CPU.ActiveCfg = Release|Any CPU
		{8BFB96C5-E023-45C4-928D-A4D0D03646E4}.Release|Any CPU.Build.0 = Release|Any CPU
		{255F44FD-5519-434F-B5AC-447CA8A8CD07}.Debug|Any CPU.ActiveCfg = Debug|Any CPU
		{255F44FD-5519-434F-B5AC-447CA8A8CD07}.Debug|Any CPU.Build.0 = Debug|Any CPU
		{255F44FD-5519-434F-B5AC-447CA8A8CD07}.Release|Any CPU.ActiveCfg = Release|Any CPU
		{255F44FD-5519-434F-B5AC-447CA8A8CD07}.Release|Any CPU.Build.0 = Release|Any CPU
	EndGlobalSection
	GlobalSection(NestedProjects) = preSolution
		{45922B57-02EA-4073-8A3E-CF19403099CE} = {531C08A8-0FF0-47AE-9FF1-98DBF26E6265}
		{44AEAA6E-3EB9-453C-8AE0-1F9B7480E718} = {531C08A8-0FF0-47AE-9FF1-98DBF26E6265}
		{ABF200CC-AD38-4481-A6C8-45CAAB6A9203} = {531C08A8-0FF0-47AE-9FF1-98DBF26E6265}
		{D2060882-0737-46C4-9DDB-A131CA1A9A5D} = {531C08A8-0FF0-47AE-9FF1-98DBF26E6265}
		{266B1964-8A40-4887-B4B2-9D7E25A4230F} = {9368A7FB-2445-4DAB-96EE-48F1ED1A1AEC}
		{BB997A27-7B60-406B-95D1-C08FF2E35B8D} = {9368A7FB-2445-4DAB-96EE-48F1ED1A1AEC}
		{57CBC584-8DF8-42D1-BEDF-A755698DBC79} = {9368A7FB-2445-4DAB-96EE-48F1ED1A1AEC}
		{2553EA85-93AC-4D66-B40E-51ECB6CC9BBD} = {9368A7FB-2445-4DAB-96EE-48F1ED1A1AEC}
		{2C810991-659C-46BD-9A57-D6AD3645C3B1} = {9368A7FB-2445-4DAB-96EE-48F1ED1A1AEC}
		{78270F84-A4F8-46B1-A01A-8E930939C17B} = {531C08A8-0FF0-47AE-9FF1-98DBF26E6265}
		{8BFB96C5-E023-45C4-928D-A4D0D03646E4} = {7E6668D3-7385-470C-BF4E-A2D17FDEF651}
		{255F44FD-5519-434F-B5AC-447CA8A8CD07} = {7E6668D3-7385-470C-BF4E-A2D17FDEF651}
	EndGlobalSection
EndGlobal
